
Microsoft Visual Studio Solution File, Format Version 12.00
# Visual Studio Version 16
VisualStudioVersion = 16.0.29613.14
MinimumVisualStudioVersion = 10.0.40219.1
Project("{FAE04EC0-301F-11D3-BF4B-00C04F79EFBC}") = "Rdppractice5", "Rdppractice5\Rdppractice5.csproj", "{8A6E6A56-8DD9-4379-A035-721D147AF49F}"
EndProject
Global
	GlobalSection(SolutionConfigurationPlatforms) = preSolution
		Debug|Any CPU = Debug|Any CPU
		Release|Any CPU = Release|Any CPU
	EndGlobalSection
	GlobalSection(ProjectConfigurationPlatforms) = postSolution
		{8A6E6A56-8DD9-4379-A035-721D147AF49F}.Debug|Any CPU.ActiveCfg = Debug|Any CPU
		{8A6E6A56-8DD9-4379-A035-721D147AF49F}.Debug|Any CPU.Build.0 = Debug|Any CPU
		{8A6E6A56-8DD9-4379-A035-721D147AF49F}.Release|Any CPU.ActiveCfg = Release|Any CPU
		{8A6E6A56-8DD9-4379-A035-721D147AF49F}.Release|Any CPU.Build.0 = Release|Any CPU
	EndGlobalSection
	GlobalSection(SolutionProperties) = preSolution
		HideSolutionNode = FALSE
	EndGlobalSection
	GlobalSection(ExtensibilityGlobals) = postSolution
		SolutionGuid = {381AD990-09EF-4EEC-94BB-F295FD9D7926}
	EndGlobalSection
EndGlobal
